
Microsoft Visual Studio Solution File, Format Version 9.00
# Visual Studio 2005
Project("{FAE04EC0-301F-11D3-BF4B-00C04F79EFBC}") = "DB4OServer", "DB4OServer\DB4OServer.csproj", "{E8AED8E0-A353-44E9-8DFC-E37E1143C0F1}"
EndProject
Project("{FAE04EC0-301F-11D3-BF4B-00C04F79EFBC}") = "tryIcon", "try\try\try\tryIcon.csproj", "{4CF8A584-33DB-4BA8-A3A2-EB98A15E608F}"
EndProject
Project("{FAE04EC0-301F-11D3-BF4B-00C04F79EFBC}") = "UTestServer", "UTestServer\UTestServer.csproj", "{DBF01561-AA05-4882-9704-216977D814C5}"
EndProject
Global
	GlobalSection(SolutionConfigurationPlatforms) = preSolution
		Debug|Any CPU = Debug|Any CPU
		Release|Any CPU = Release|Any CPU
	EndGlobalSection
	GlobalSection(ProjectConfigurationPlatforms) = postSolution
		{E8AED8E0-A353-44E9-8DFC-E37E1143C0F1}.Debug|Any CPU.ActiveCfg = Debug|Any CPU
		{E8AED8E0-A353-44E9-8DFC-E37E1143C0F1}.Debug|Any CPU.Build.0 = Debug|Any CPU
		{E8AED8E0-A353-44E9-8DFC-E37E1143C0F1}.Release|Any CPU.ActiveCfg = Release|Any CPU
		{E8AED8E0-A353-44E9-8DFC-E37E1143C0F1}.Release|Any CPU.Build.0 = Release|Any CPU
		{4CF8A584-33DB-4BA8-A3A2-EB98A15E608F}.Debug|Any CPU.ActiveCfg = Debug|Any CPU
		{4CF8A584-33DB-4BA8-A3A2-EB98A15E608F}.Debug|Any CPU.Build.0 = Debug|Any CPU
		{4CF8A584-33DB-4BA8-A3A2-EB98A15E608F}.Release|Any CPU.ActiveCfg = Release|Any CPU
		{4CF8A584-33DB-4BA8-A3A2-EB98A15E608F}.Release|Any CPU.Build.0 = Release|Any CPU
		{DBF01561-AA05-4882-9704-216977D814C5}.Debug|Any CPU.ActiveCfg = Debug|Any CPU
		{DBF01561-AA05-4882-9704-216977D814C5}.Debug|Any CPU.Build.0 = Debug|Any CPU
		{DBF01561-AA05-4882-9704-216977D814C5}.Release|Any CPU.ActiveCfg = Release|Any CPU
		{DBF01561-AA05-4882-9704-216977D814C5}.Release|Any CPU.Build.0 = Release|Any CPU
	EndGlobalSection
	GlobalSection(SolutionProperties) = preSolution
		HideSolutionNode = FALSE
	EndGlobalSection
EndGlobal
